[[package]]
name = "art"
version = "6.1"
description = "ASCII Art Library For Python"
category = "main"
optional = false
python-versions = ">=3.5"

[package.extras]
dev = ["coverage (>=4.1)", "vulture (>=1.0)", "bandit (>=1.5.1)", "pydocstyle (>=3.0.0)"]

[[package]]
name = "clear"
version = "2.0.0"
description = "A cross-platform Python module that provides a clear() function which clears the terminal. That's all."
category = "main"
optional = false
python-versions = "*"

[metadata]
lock-version = "1.1"
python-versions = "^3.8"
content-hash = "2b48000075d00514a156a0bbe45fb042ef50df397634d1b493ce06ebb0084970"

[metadata.files]
art = []
clear = []
